
Microsoft Visual Studio Solution File, Format Version 12.00
# Visual Studio Version 17
VisualStudioVersion = 17.11.35222.181
MinimumVisualStudioVersion = 10.0.40219.1
Project("{FAE04EC0-301F-11D3-BF4B-00C04F79EFBC}") = "ProyectoVentas", "ProyectoVentas\ProyectoVentas.csproj", "{05CC5720-A230-4EA2-8A61-300DE92A04FB}"
EndProject
Global
	GlobalSection(SolutionConfigurationPlatforms) = preSolution
		Debug|Any CPU = Debug|Any CPU
		Release|Any CPU = Release|Any CPU
	EndGlobalSection
	GlobalSection(ProjectConfigurationPlatforms) = postSolution
		{05CC5720-A230-4EA2-8A61-300DE92A04FB}.Debug|Any CPU.ActiveCfg = Debug|Any CPU
		{05CC5720-A230-4EA2-8A61-300DE92A04FB}.Debug|Any CPU.Build.0 = Debug|Any CPU
		{05CC5720-A230-4EA2-8A61-300DE92A04FB}.Release|Any CPU.ActiveCfg = Release|Any CPU
		{05CC5720-A230-4EA2-8A61-300DE92A04FB}.Release|Any CPU.Build.0 = Release|Any CPU
	EndGlobalSection
	GlobalSection(SolutionProperties) = preSolution
		HideSolutionNode = FALSE
	EndGlobalSection
	GlobalSection(ExtensibilityGlobals) = postSolution
		SolutionGuid = {4C77CC67-8AA7-4E56-9701-FD37990396B4}
	EndGlobalSection
EndGlobal
